
Microsoft Visual Studio Solution File, Format Version 12.00
# Visual Studio Version 17
VisualStudioVersion = 17.8.34511.84
MinimumVisualStudioVersion = 10.0.40219.1
Project("{FAE04EC0-301F-11D3-BF4B-00C04F79EFBC}") = "QQPinyinCleaner", "QQPinyinCleaner\QQPinyinCleaner.csproj", "{D5105270-2EA6-4947-8709-82528FD2DAAA}"
EndProject
Global
	GlobalSection(SolutionConfigurationPlatforms) = preSolution
		Debug|Any CPU = Debug|Any CPU
		Release|Any CPU = Release|Any CPU
	EndGlobalSection
	GlobalSection(ProjectConfigurationPlatforms) = postSolution
		{D5105270-2EA6-4947-8709-82528FD2DAAA}.Debug|Any CPU.ActiveCfg = Debug|Any CPU
		{D5105270-2EA6-4947-8709-82528FD2DAAA}.Debug|Any CPU.Build.0 = Debug|Any CPU
		{D5105270-2EA6-4947-8709-82528FD2DAAA}.Release|Any CPU.ActiveCfg = Release|Any CPU
		{D5105270-2EA6-4947-8709-82528FD2DAAA}.Release|Any CPU.Build.0 = Release|Any CPU
	EndGlobalSection
	GlobalSection(SolutionProperties) = preSolution
		HideSolutionNode = FALSE
	EndGlobalSection
	GlobalSection(ExtensibilityGlobals) = postSolution
		SolutionGuid = {FA33C56A-8BBE-47F2-926E-8E177AA36347}
	EndGlobalSection
EndGlobal
